
Microsoft Visual Studio Solution File, Format Version 12.00
# Visual Studio Version 17
VisualStudioVersion = 17.2.32630.192
MinimumVisualStudioVersion = 10.0.40219.1
Project("{FAE04EC0-301F-11D3-BF4B-00C04F79EFBC}") = "Monitoring", "Monitoring\Monitoring.csproj", "{D2655CA8-1CF3-448C-81FD-E0228325306B}"
EndProject
Global
	GlobalSection(SolutionConfigurationPlatforms) = preSolution
		Debug|Any CPU = Debug|Any CPU
		Release|Any CPU = Release|Any CPU
	EndGlobalSection
	GlobalSection(ProjectConfigurationPlatforms) = postSolution
		{D2655CA8-1CF3-448C-81FD-E0228325306B}.Debug|Any CPU.ActiveCfg = Release|Any CPU
		{D2655CA8-1CF3-448C-81FD-E0228325306B}.Debug|Any CPU.Build.0 = Release|Any CPU
		{D2655CA8-1CF3-448C-81FD-E0228325306B}.Release|Any CPU.ActiveCfg = Release|Any CPU
		{D2655CA8-1CF3-448C-81FD-E0228325306B}.Release|Any CPU.Build.0 = Release|Any CPU
	EndGlobalSection
	GlobalSection(SolutionProperties) = preSolution
		HideSolutionNode = FALSE
	EndGlobalSection
	GlobalSection(ExtensibilityGlobals) = postSolution
		SolutionGuid = {2178DE01-A06E-4859-A5B6-27C5EDF3730B}
	EndGlobalSection
EndGlobal
